
Microsoft Visual Studio Solution File, Format Version 12.00
# Visual Studio Version 16
VisualStudioVersion = 16.0.30717.126
MinimumVisualStudioVersion = 10.0.40219.1
Project("{F184B08F-C81C-45F6-A57F-5ABD9991F28F}") = "AoC_2021", "AoC_2021.vbproj", "{61629E33-7143-45FC-8E84-D3D46F2D9BC2}"
EndProject
Global
	GlobalSection(SolutionConfigurationPlatforms) = preSolution
		Debug|Any CPU = Debug|Any CPU
		Release|Any CPU = Release|Any CPU
	EndGlobalSection
	GlobalSection(ProjectConfigurationPlatforms) = postSolution
		{61629E33-7143-45FC-8E84-D3D46F2D9BC2}.Debug|Any CPU.ActiveCfg = Debug|Any CPU
		{61629E33-7143-45FC-8E84-D3D46F2D9BC2}.Debug|Any CPU.Build.0 = Debug|Any CPU
		{61629E33-7143-45FC-8E84-D3D46F2D9BC2}.Release|Any CPU.ActiveCfg = Release|Any CPU
		{61629E33-7143-45FC-8E84-D3D46F2D9BC2}.Release|Any CPU.Build.0 = Release|Any CPU
	EndGlobalSection
	GlobalSection(SolutionProperties) = preSolution
		HideSolutionNode = FALSE
	EndGlobalSection
	GlobalSection(ExtensibilityGlobals) = postSolution
		SolutionGuid = {3DE95939-C2AD-4C44-AA23-492AFFE64E4A}
	EndGlobalSection
EndGlobal
